
Microsoft Visual Studio Solution File, Format Version 12.00
# Visual Studio 15
VisualStudioVersion = 15.0.27703.2035
MinimumVisualStudioVersion = 10.0.40219.1
Project("{9A19103F-16F7-4668-BE54-9A1E7A4F7556}") = "Architecture.Events", "Architecture.Events\Architecture.Events.csproj", "{ACD9ED76-A251-4004-BA7C-D6A6AB8351B2}"
EndProject
Project("{9A19103F-16F7-4668-BE54-9A1E7A4F7556}") = "Test", "Test\Test.csproj", "{5156326C-840D-4163-BFDA-80F4D7378C11}"
EndProject
Global
	GlobalSection(SolutionConfigurationPlatforms) = preSolution
		Debug|Any CPU = Debug|Any CPU
		Release|Any CPU = Release|Any CPU
	EndGlobalSection
	GlobalSection(ProjectConfigurationPlatforms) = postSolution
		{ACD9ED76-A251-4004-BA7C-D6A6AB8351B2}.Debug|Any CPU.ActiveCfg = Debug|Any CPU
		{ACD9ED76-A251-4004-BA7C-D6A6AB8351B2}.Debug|Any CPU.Build.0 = Debug|Any CPU
		{ACD9ED76-A251-4004-BA7C-D6A6AB8351B2}.Release|Any CPU.ActiveCfg = Release|Any CPU
		{ACD9ED76-A251-4004-BA7C-D6A6AB8351B2}.Release|Any CPU.Build.0 = Release|Any CPU
		{5156326C-840D-4163-BFDA-80F4D7378C11}.Debug|Any CPU.ActiveCfg = Debug|Any CPU
		{5156326C-840D-4163-BFDA-80F4D7378C11}.Debug|Any CPU.Build.0 = Debug|Any CPU
		{5156326C-840D-4163-BFDA-80F4D7378C11}.Release|Any CPU.ActiveCfg = Release|Any CPU
		{5156326C-840D-4163-BFDA-80F4D7378C11}.Release|Any CPU.Build.0 = Release|Any CPU
	EndGlobalSection
	GlobalSection(SolutionProperties) = preSolution
		HideSolutionNode = FALSE
	EndGlobalSection
	GlobalSection(ExtensibilityGlobals) = postSolution
		SolutionGuid = {69E4E894-35A1-49B8-BD54-5D3A2F987914}
	EndGlobalSection
EndGlobal
